
Microsoft Visual Studio Solution File, Format Version 12.00
Project("{FAE04EC0-301F-11D3-BF4B-00C04F79EFBC}") = "Tulkas.Api", "Tulkas.Api\Tulkas.Api.csproj", "{6237C1DB-F641-4354-BFF8-729296FE5F43}"
EndProject
Project("{FAE04EC0-301F-11D3-BF4B-00C04F79EFBC}") = "Tulkas.Test", "Tulkas.Test\Tulkas.Test.csproj", "{7DD6A099-D26A-4FBD-808A-F705AC5C56C2}"
EndProject
Project("{FAE04EC0-301F-11D3-BF4B-00C04F79EFBC}") = "Tulkas.Core", "Tulkas.Core\Tulkas.Core.csproj", "{C94EB938-7F0B-480A-9CEB-7E19CDEEECAF}"
EndProject
Global
	GlobalSection(SolutionConfigurationPlatforms) = preSolution
		Debug|Any CPU = Debug|Any CPU
		Release|Any CPU = Release|Any CPU
	EndGlobalSection
	GlobalSection(ProjectConfigurationPlatforms) = postSolution
		{6237C1DB-F641-4354-BFF8-729296FE5F43}.Debug|Any CPU.ActiveCfg = Debug|Any CPU
		{6237C1DB-F641-4354-BFF8-729296FE5F43}.Debug|Any CPU.Build.0 = Debug|Any CPU
		{6237C1DB-F641-4354-BFF8-729296FE5F43}.Release|Any CPU.ActiveCfg = Release|Any CPU
		{6237C1DB-F641-4354-BFF8-729296FE5F43}.Release|Any CPU.Build.0 = Release|Any CPU
		{7DD6A099-D26A-4FBD-808A-F705AC5C56C2}.Debug|Any CPU.ActiveCfg = Debug|Any CPU
		{7DD6A099-D26A-4FBD-808A-F705AC5C56C2}.Debug|Any CPU.Build.0 = Debug|Any CPU
		{7DD6A099-D26A-4FBD-808A-F705AC5C56C2}.Release|Any CPU.ActiveCfg = Release|Any CPU
		{7DD6A099-D26A-4FBD-808A-F705AC5C56C2}.Release|Any CPU.Build.0 = Release|Any CPU
		{C94EB938-7F0B-480A-9CEB-7E19CDEEECAF}.Debug|Any CPU.ActiveCfg = Debug|Any CPU
		{C94EB938-7F0B-480A-9CEB-7E19CDEEECAF}.Debug|Any CPU.Build.0 = Debug|Any CPU
		{C94EB938-7F0B-480A-9CEB-7E19CDEEECAF}.Release|Any CPU.ActiveCfg = Release|Any CPU
		{C94EB938-7F0B-480A-9CEB-7E19CDEEECAF}.Release|Any CPU.Build.0 = Release|Any CPU
	EndGlobalSection
EndGlobal
